// !$*UTF8*$!
{
	archiveVersion = 1;
	classes = {
	};
	objectVersion = 50;
	objects = {

/* Begin PBXBuildFile section */
		5E8A275724FFCE49002FC7AE /* AppDelegate.swift in Sources */ = {isa = PBXBuildFile; fileRef = 5E8A275624FFCE49002FC7AE /* AppDelegate.swift */; };
		5E8A275924FFCE49002FC7AE /* SceneDelegate.swift in Sources */ = {isa = PBXBuildFile; fileRef = 5E8A275824FFCE49002FC7AE /* SceneDelegate.swift */; };
		5E8A275E24FFCE49002FC7AE /* Main.storyboard in Resources */ = {isa = PBXBuildFile; fileRef = 5E8A275C24FFCE49002FC7AE /* Main.storyboard */; };
		5E8A276124FFCE49002FC7AE /* ToDoList.xcdatamodeld in Sources */ = {isa = PBXBuildFile; fileRef = 5E8A275F24FFCE49002FC7AE /* ToDoList.xcdatamodeld */; };
		5E8A276324FFCE4B002FC7AE /* Assets.xcassets in Resources */ = {isa = PBXBuildFile; fileRef = 5E8A276224FFCE4B002FC7AE /* Assets.xcassets */; };
		5E8A276624FFCE4B002FC7AE /* LaunchScreen.storyboard in Resources */ = {isa = PBXBuildFile; fileRef = 5E8A276424FFCE4B002FC7AE /* LaunchScreen.storyboard */; };
		5E8A276E24FFCEB5002FC7AE /* ToDoListTableViewController.swift in Sources */ = {isa = PBXBuildFile; fileRef = 5E8A276D24FFCEB5002FC7AE /* ToDoListTableViewController.swift */; };
/* End PBXBuildFile section */

/* Begin PBXFileReference section */
		5E8A275324FFCE49002FC7AE /* ToDoList.app */ = {isa = PBXFileReference; explicitFileType = wrapper.application; includeInIndex = 0; path = ToDoList.app; sourceTree = BUILT_PRODUCTS_DIR; };
		5E8A275624FFCE49002FC7AE /* AppDelegate.swift */ = {isa = PBXFileReference; lastKnownFileType = sourcecode.swift; path = AppDelegate.swift; sourceTree = "<group>"; };
		5E8A275824FFCE49002FC7AE /* SceneDelegate.swift */ = {isa = PBXFileReference; lastKnownFileType = sourcecode.swift; path = SceneDelegate.swift; sourceTree = "<group>"; };
		5E8A275D24FFCE49002FC7AE /* Base */ = {isa = PBXFileReference; lastKnownFileType = file.storyboard; name = Base; path = Base.lproj/Main.storyboard; sourceTree = "<group>"; };
		5E8A276024FFCE49002FC7AE /* ToDoList.xcdatamodel */ = {isa = PBXFileReference; lastKnownFileType = wrapper.xcdatamodel; path = ToDoList.xcdatamodel; sourceTree = "<group>"; };
		5E8A276224FFCE4B002FC7AE /* Assets.xcassets */ = {isa = PBXFileReference; lastKnownFileType = folder.assetcatalog; path = Assets.xcassets; sourceTree = "<group>"; };
		5E8A276524FFCE4B002FC7AE /* Base */ = {isa = PBXFileReference; lastKnownFileType = file.storyboard; name = Base; path = Base.lproj/LaunchScreen.storyboard; sourceTree = "<group>"; };
		5E8A276724FFCE4B002FC7AE /* Info.plist */ = {isa = PBXFileReference; lastKnownFileType = text.plist.xml; path = Info.plist; sourceTree = "<group>"; };
		5E8A276D24FFCEB5002FC7AE /* ToDoListTableViewController.swift */ = {isa = PBXFileReference; lastKnownFileType = sourcecode.swift; path = ToDoListTableViewController.swift; sourceTree = "<group>"; };
/* End PBXFileReference section */

/* Begin PBXFrameworksBuildPhase section */
		5E8A275024FFCE49002FC7AE /* Frameworks */ = {
			isa = PBXFrameworksBuildPhase;
			buildActionMask = 2147483647;
			files = (
			);
			runOnlyForDeploymentPostprocessing = 0;
		};
/* End PBXFrameworksBuildPhase section */

/* Begin PBXGroup section */
		5E8A274A24FFCE49002FC7AE = {
			isa = PBXGroup;
			children = (
				5E8A275524FFCE49002FC7AE /* ToDoList */,
				5E8A275424FFCE49002FC7AE /* Products */,
			);
			sourceTree = "<group>";
		};
		5E8A275424FFCE49002FC7AE /* Products */ = {
			isa = PBXGroup;
			children = (
				5E8A275324FFCE49002FC7AE /* ToDoList.app */,
			);
			name = Products;
			sourceTree = "<group>";
		};
		5E8A275524FFCE49002FC7AE /* ToDoList */ = {
			isa = PBXGroup;
			children = (
				5E8A275624FFCE49002FC7AE /* AppDelegate.swift */,
				5E8A275824FFCE49002FC7AE /* SceneDelegate.swift */,
				5E8A275C24FFCE49002FC7AE /* Main.storyboard */,
				5E8A276D24FFCEB5002FC7AE /* ToDoListTableViewController.swift */,
				5E8A276224FFCE4B002FC7AE /* Assets.xcassets */,
				5E8A276424FFCE4B002FC7AE /* LaunchScreen.storyboard */,
				5E8A276724FFCE4B002FC7AE /* Info.plist */,
				5E8A275F24FFCE49002FC7AE /* ToDoList.xcdatamodeld */,
			);
			path = ToDoList;
			sourceTree = "<group>";
		};
/* End PBXGroup section */

/* Begin PBXNativeTarget section */
		5E8A275224FFCE49002FC7AE /* ToDoList */ = {
			isa = PBXNativeTarget;
			buildConfigurationList = 5E8A276A24FFCE4B002FC7AE /* Build configuration list for PBXNativeTarget "ToDoList" */;
			buildPhases = (
				5E8A274F24FFCE49002FC7AE /* Sources */,
				5E8A275024FFCE49002FC7AE /* Frameworks */,
				5E8A275124FFCE49002FC7AE /* Resources */,
			);
			buildRules = (
			);
			dependencies = (
			);
			name = ToDoList;
			productName = ToDoList;
			productReference = 5E8A275324FFCE49002FC7AE /* ToDoList.app */;
			productType = "com.apple.product-type.application";
		};
/* End PBXNativeTarget section */

/* Begin PBXProject section */
		5E8A274B24FFCE49002FC7AE /* Project object */ = {
			isa = PBXProject;
			attributes = {
				LastSwiftUpdateCheck = 1160;
				LastUpgradeCheck = 1160;
				ORGANIZATIONNAME = "Виталий";
				TargetAttributes = {
					5E8A275224FFCE49002FC7AE = {
						CreatedOnToolsVersion = 11.6;
					};
				};
			};
			buildConfigurationList = 5E8A274E24FFCE49002FC7AE /* Build configuration list for PBXProject "ToDoList" */;
			compatibilityVersion = "Xcode 9.3";
			developmentRegion = en;
			hasScannedForEncodings = 0;
			knownRegions = (
				en,
				Base,
			);
			mainGroup = 5E8A274A24FFCE49002FC7AE;
			productRefGroup = 5E8A275424FFCE49002FC7AE /* Products */;
			projectDirPath = "";
			projectRoot = "";
			targets = (
				5E8A275224FFCE49002FC7AE /* ToDoList */,
			);
		};
/* End PBXProject section */

/* Begin PBXResourcesBuildPhase section */
		5E8A275124FFCE49002FC7AE /* Resources */ = {
			isa = PBXResourcesBuildPhase;
			buildActionMask = 2147483647;
			files = (
				5E8A276624FFCE4B002FC7AE /* LaunchScreen.storyboard in Resources */,
				5E8A276324FFCE4B002FC7AE /* Assets.xcassets in Resources */,
				5E8A275E24FFCE49002FC7AE /* Main.storyboard in Resources */,
			);
			runOnlyForDeploymentPostprocessing = 0;
		};
/* End PBXResourcesBuildPhase section */

/* Begin PBXSourcesBuildPhase section */
		5E8A274F24FFCE49002FC7AE /* Sources */ = {
			isa = PBXSourcesBuildPhase;
			buildActionMask = 2147483647;
			files = (
				5E8A275724FFCE49002FC7AE /* AppDelegate.swift in Sources */,
				5E8A275924FFCE49002FC7AE /* SceneDelegate.swift in Sources */,
				5E8A276124FFCE49002FC7AE /* ToDoList.xcdatamodeld in Sources */,
				5E8A276E24FFCEB5002FC7AE /* ToDoListTableViewController.swift in Sources */,
			);
			runOnlyForDeploymentPostprocessing = 0;
		};
/* End PBXSourcesBuildPhase section */

/* Begin PBXVariantGroup section */
		5E8A275C24FFCE49002FC7AE /* Main.storyboard */ = {
			isa = PBXVariantGroup;
			children = (
				5E8A275D24FFCE49002FC7AE /* Base */,
			);
			name = Main.storyboard;
			sourceTree = "<group>";
		};
		5E8A276424FFCE4B002FC7AE /* LaunchScreen.storyboard */ = {
			isa = PBXVariantGroup;
			children = (
				5E8A276524FFCE4B002FC7AE /* Base */,
			);
			name = LaunchScreen.storyboard;
			sourceTree = "<group>";
		};
/* End PBXVariantGroup section */

/* Begin XCBuildConfiguration section */
		5E8A276824FFCE4B002FC7AE /* Debug */ = {
			isa = XCBuildConfiguration;
			buildSettings = {
				ALWAYS_SEARCH_USER_PATHS = NO;
				CLANG_ANALYZER_NONNULL = YES;
				CLANG_ANALYZER_NUMBER_OBJECT_CONVERSION = YES_AGGRESSIVE;
				CLANG_CXX_LANGUAGE_STANDARD = "gnu++14";
				CLANG_CXX_LIBRARY = "libc++";
				CLANG_ENABLE_MODULES = YES;
				CLANG_ENABLE_OBJC_ARC = YES;
				CLANG_ENABLE_OBJC_WEAK = YES;
				CLANG_WARN_BLOCK_CAPTURE_AUTORELEASING = YES;
				CLANG_WARN_BOOL_CONVERSION = YES;
				CLANG_WARN_COMMA = YES;
				CLANG_WARN_CONSTANT_CONVERSION = YES;
				CLANG_WARN_DEPRECATED_OBJC_IMPLEMENTATIONS = YES;
				CLANG_WARN_DIRECT_OBJC_ISA_USAGE = YES_ERROR;
				CLANG_WARN_DOCUMENTATION_COMMENTS = YES;
				CLANG_WARN_EMPTY_BODY = YES;
				CLANG_WARN_ENUM_CONVERSION = YES;
				CLANG_WARN_INFINITE_RECURSION = YES;
				CLANG_WARN_INT_CONVERSION = YES;
				CLANG_WARN_NON_LITERAL_NULL_CONVERSION = YES;
				CLANG_WARN_OBJC_IMPLICIT_RETAIN_SELF = YES;
				CLANG_WARN_OBJC_LITERAL_CONVERSION = YES;
				CLANG_WARN_OBJC_ROOT_CLASS = YES_ERROR;
				CLANG_WARN_RANGE_LOOP_ANALYSIS = YES;
				CLANG_WARN_STRICT_PROTOTYPES = YES;
				CLANG_WARN_SUSPICIOUS_MOVE = YES;
				CLANG_WARN_UNGUARDED_AVAILABILITY = YES_AGGRESSIVE;
				CLANG_WARN_UNREACHABLE_CODE = YES;
				CLANG_WARN__DUPLICATE_METHOD_MATCH = YES;
				COPY_PHASE_STRIP = NO;
				DEBUG_INFORMATION_FORMAT = dwarf;
				ENABLE_STRICT_OBJC_MSGSEND = YES;
				ENABLE_TESTABILITY = YES;
				GCC_C_LANGUAGE_STANDARD = gnu11;
				GCC_DYNAMIC_NO_PIC = NO;
				GCC_NO_COMMON_BLOCKS = YES;
				GCC_OPTIMIZATION_LEVEL = 0;
				GCC_PREPROCESSOR_DEFINITIONS = (
					"DEBUG=1",
					"$(inherited)",
				);
				GCC_WARN_64_TO_32_BIT_CONVERSION = YES;
				GCC_WARN_ABOUT_RETURN_TYPE = YES_ERROR;
				GCC_WARN_UNDECLARED_SELECTOR = YES;
				GCC_WARN_UNINITIALIZED_AUTOS = YES_AGGRESSIVE;
				GCC_WARN_UNUSED_FUNCTION = YES;
				GCC_WARN_UNUSED_VARIABLE = YES;
				IPHONEOS_DEPLOYMENT_TARGET = 13.6;
				MTL_ENABLE_DEBUG_INFO = INCLUDE_SOURCE;
				MTL_FAST_MATH = YES;
				ONLY_ACTIVE_ARCH = YES;
				SDKROOT = iphoneos;
				SWIFT_ACTIVE_COMPILATION_CONDITIONS = DEBUG;
				SWIFT_OPTIMIZATION_LEVEL = "-Onone";
			};
			name = Debug;
		};
		5E8A276924FFCE4B002FC7AE /* Release */ = {
			isa = XCBuildConfiguration;
			buildSettings = {
				ALWAYS_SEARCH_USER_PATHS = NO;
				CLANG_ANALYZER_NONNULL = YES;
				CLANG_ANALYZER_NUMBER_OBJECT_CONVERSION = YES_AGGRESSIVE;
				CLANG_CXX_LANGUAGE_STANDARD = "gnu++14";
				CLANG_CXX_LIBRARY = "libc++";
				CLANG_ENABLE_MODULES = YES;
				CLANG_ENABLE_OBJC_ARC = YES;
				CLANG_ENABLE_OBJC_WEAK = YES;
				CLANG_WARN_BLOCK_CAPTURE_AUTORELEASING = YES;
				CLANG_WARN_BOOL_CONVERSION = YES;
				CLANG_WARN_COMMA = YES;
				CLANG_WARN_CONSTANT_CONVERSION = YES;
				CLANG_WARN_DEPRECATED_OBJC_IMPLEMENTATIONS = YES;
				CLANG_WARN_DIRECT_OBJC_ISA_USAGE = YES_ERROR;
				CLANG_WARN_DOCUMENTATION_COMMENTS = YES;
				CLANG_WARN_EMPTY_BODY = YES;
				CLANG_WARN_ENUM_CONVERSION = YES;
				CLANG_WARN_INFINITE_RECURSION = YES;
				CLANG_WARN_INT_CONVERSION = YES;
				CLANG_WARN_NON_LITERAL_NULL_CONVERSION = YES;
				CLANG_WARN_OBJC_IMPLICIT_RETAIN_SELF = YES;
				CLANG_WARN_OBJC_LITERAL_CONVERSION = YES;
				CLANG_WARN_OBJC_ROOT_CLASS = YES_ERROR;
				CLANG_WARN_RANGE_LOOP_ANALYSIS = YES;
				CLANG_WARN_STRICT_PROTOTYPES = YES;
				CLANG_WARN_SUSPICIOUS_MOVE = YES;
				CLANG_WARN_UNGUARDED_AVAILABILITY = YES_AGGRESSIVE;
				CLANG_WARN_UNREACHABLE_CODE = YES;
				CLANG_WARN__DUPLICATE_METHOD_MATCH = YES;
				COPY_PHASE_STRIP = NO;
				DEBUG_INFORMATION_FORMAT = "dwarf-with-dsym";
				ENABLE_NS_ASSERTIONS = NO;
				ENABLE_STRICT_OBJC_MSGSEND = YES;
				GCC_C_LANGUAGE_STANDARD = gnu11;
				GCC_NO_COMMON_BLOCKS = YES;
				GCC_WARN_64_TO_32_BIT_CONVERSION = YES;
				GCC_WARN_ABOUT_RETURN_TYPE = YES_ERROR;
				GCC_WARN_UNDECLARED_SELECTOR = YES;
				GCC_WARN_UNINITIALIZED_AUTOS = YES_AGGRESSIVE;
				GCC_WARN_UNUSED_FUNCTION = YES;
				GCC_WARN_UNUSED_VARIABLE = YES;
				IPHONEOS_DEPLOYMENT_TARGET = 13.6;
				MTL_ENABLE_DEBUG_INFO = NO;
				MTL_FAST_MATH = YES;
				SDKROOT = iphoneos;
				SWIFT_COMPILATION_MODE = wholemodule;
				SWIFT_OPTIMIZATION_LEVEL = "-O";
				VALIDATE_PRODUCT = YES;
			};
			name = Release;
		};
		5E8A276B24FFCE4B002FC7AE /* Debug */ = {
			isa = XCBuildConfiguration;
			buildSettings = {
				ASSETCATALOG_COMPILER_APPICON_NAME = AppIcon;
				CODE_SIGN_STYLE = Automatic;
				INFOPLIST_FILE = ToDoList/Info.plist;
				LD_RUNPATH_SEARCH_PATHS = (
					"$(inherited)",
					"@executable_path/Frameworks",
				);
				PRODUCT_BUNDLE_IDENTIFIER = VM.ToDoList;
				PRODUCT_NAME = "$(TARGET_NAME)";
				SWIFT_VERSION = 5.0;
				TARGETED_DEVICE_FAMILY = "1,2";
			};
			name = Debug;
		};
		5E8A276C24FFCE4B002FC7AE /* Release */ = {
			isa = XCBuildConfiguration;
			buildSettings = {
				ASSETCATALOG_COMPILER_APPICON_NAME = AppIcon;
				CODE_SIGN_STYLE = Automatic;
				INFOPLIST_FILE = ToDoList/Info.plist;
				LD_RUNPATH_SEARCH_PATHS = (
					"$(inherited)",
					"@executable_path/Frameworks",
				);
				PRODUCT_BUNDLE_IDENTIFIER = VM.ToDoList;
				PRODUCT_NAME = "$(TARGET_NAME)";
				SWIFT_VERSION = 5.0;
				TARGETED_DEVICE_FAMILY = "1,2";
			};
			name = Release;
		};
/* End XCBuildConfiguration section */

/* Begin XCConfigurationList section */
		5E8A274E24FFCE49002FC7AE /* Build configuration list for PBXProject "ToDoList" */ = {
			isa = XCConfigurationList;
			buildConfigurations = (
				5E8A276824FFCE4B002FC7AE /* Debug */,
				5E8A276924FFCE4B002FC7AE /* Release */,
			);
			defaultConfigurationIsVisible = 0;
			defaultConfigurationName = Release;
		};
		5E8A276A24FFCE4B002FC7AE /* Build configuration list for PBXNativeTarget "ToDoList" */ = {
			isa = XCConfigurationList;
			buildConfigurations = (
				5E8A276B24FFCE4B002FC7AE /* Debug */,
				5E8A276C24FFCE4B002FC7AE /* Release */,
			);
			defaultConfigurationIsVisible = 0;
			defaultConfigurationName = Release;
		};
/* End XCConfigurationList section */

/* Begin XCVersionGroup section */
		5E8A275F24FFCE49002FC7AE /* ToDoList.xcdatamodeld */ = {
			isa = XCVersionGroup;
			children = (
				5E8A276024FFCE49002FC7AE /* ToDoList.xcdatamodel */,
			);
			currentVersion = 5E8A276024FFCE49002FC7AE /* ToDoList.xcdatamodel */;
			path = ToDoList.xcdatamodeld;
			sourceTree = "<group>";
			versionGroupType = wrapper.xcdatamodel;
		};
/* End XCVersionGroup section */
	};
	rootObject = 5E8A274B24FFCE49002FC7AE /* Project object */;
}
